
Microsoft Visual Studio Solution File, Format Version 12.00
# Visual Studio Version 17
VisualStudioVersion = 17.9.34607.119
MinimumVisualStudioVersion = 10.0.40219.1
Project("{9A19103F-16F7-4668-BE54-9A1E7A4F7556}") = "SKTest.Server", "SKTest.Server\SKTest.Server.csproj", "{3A00A1D9-916A-4FB0-9E14-3F977661EFCD}"
EndProject
Project("{54A90642-561A-4BB1-A94E-469ADEE60C69}") = "SKTest.Web", "sktest.client\SKTest.Web.esproj", "{C3810C36-4940-4158-B05E-1614BDB448B0}"
EndProject
Project("{FAE04EC0-301F-11D3-BF4B-00C04F79EFBC}") = "SKTest.Db", "SKTest.Db\SKTest.Db.csproj", "{5ED3B02A-56D2-4712-B927-309B16230948}"
EndProject
Project("{FAE04EC0-301F-11D3-BF4B-00C04F79EFBC}") = "SKTest.Infrastructure", "SKTest.Infrastructure\SKTest.Infrastructure.csproj", "{EB5BB013-E349-4499-92A9-022DA730C4AF}"
EndProject
Global
	GlobalSection(SolutionConfigurationPlatforms) = preSolution
		Debug|Any CPU = Debug|Any CPU
		Release|Any CPU = Release|Any CPU
	EndGlobalSection
	GlobalSection(ProjectConfigurationPlatforms) = postSolution
		{3A00A1D9-916A-4FB0-9E14-3F977661EFCD}.Debug|Any CPU.ActiveCfg = Debug|Any CPU
		{3A00A1D9-916A-4FB0-9E14-3F977661EFCD}.Debug|Any CPU.Build.0 = Debug|Any CPU
		{3A00A1D9-916A-4FB0-9E14-3F977661EFCD}.Release|Any CPU.ActiveCfg = Release|Any CPU
		{3A00A1D9-916A-4FB0-9E14-3F977661EFCD}.Release|Any CPU.Build.0 = Release|Any CPU
		{C3810C36-4940-4158-B05E-1614BDB448B0}.Debug|Any CPU.ActiveCfg = Debug|Any CPU
		{C3810C36-4940-4158-B05E-1614BDB448B0}.Debug|Any CPU.Build.0 = Debug|Any CPU
		{C3810C36-4940-4158-B05E-1614BDB448B0}.Debug|Any CPU.Deploy.0 = Debug|Any CPU
		{C3810C36-4940-4158-B05E-1614BDB448B0}.Release|Any CPU.ActiveCfg = Release|Any CPU
		{C3810C36-4940-4158-B05E-1614BDB448B0}.Release|Any CPU.Build.0 = Release|Any CPU
		{C3810C36-4940-4158-B05E-1614BDB448B0}.Release|Any CPU.Deploy.0 = Release|Any CPU
		{5ED3B02A-56D2-4712-B927-309B16230948}.Debug|Any CPU.ActiveCfg = Debug|Any CPU
		{5ED3B02A-56D2-4712-B927-309B16230948}.Debug|Any CPU.Build.0 = Debug|Any CPU
		{5ED3B02A-56D2-4712-B927-309B16230948}.Release|Any CPU.ActiveCfg = Release|Any CPU
		{5ED3B02A-56D2-4712-B927-309B16230948}.Release|Any CPU.Build.0 = Release|Any CPU
		{EB5BB013-E349-4499-92A9-022DA730C4AF}.Debug|Any CPU.ActiveCfg = Debug|Any CPU
		{EB5BB013-E349-4499-92A9-022DA730C4AF}.Debug|Any CPU.Build.0 = Debug|Any CPU
		{EB5BB013-E349-4499-92A9-022DA730C4AF}.Release|Any CPU.ActiveCfg = Release|Any CPU
		{EB5BB013-E349-4499-92A9-022DA730C4AF}.Release|Any CPU.Build.0 = Release|Any CPU
	EndGlobalSection
	GlobalSection(SolutionProperties) = preSolution
		HideSolutionNode = FALSE
	EndGlobalSection
	GlobalSection(ExtensibilityGlobals) = postSolution
		SolutionGuid = {FEB7E02F-9A2F-4DF6-9999-36F150373DFD}
	EndGlobalSection
EndGlobal
